
Microsoft Visual Studio Solution File, Format Version 12.00
# Visual Studio Version 17
VisualStudioVersion = 17.0.31903.59
MinimumVisualStudioVersion = 10.0.40219.1
Project("{2150E333-8FDC-42A3-9474-1A3956D46DE8}") = "src", "src", "{78016D80-D138-47A5-BBFF-3F67A94ADA81}"
EndProject
Project("{FAE04EC0-301F-11D3-BF4B-00C04F79EFBC}") = "Segfy.Domain", "src\Segfy.Domain\Segfy.Domain.csproj", "{E194CF5B-F868-4C9B-B237-D2AF7D0A0022}"
EndProject
Project("{FAE04EC0-301F-11D3-BF4B-00C04F79EFBC}") = "Segfy.Application", "src\Segfy.Application\Segfy.Application.csproj", "{EB037FF8-325F-4B64-A5C5-803C276881A4}"
EndProject
Project("{FAE04EC0-301F-11D3-BF4B-00C04F79EFBC}") = "Segfy.Infrastructure", "src\Segfy.Infrastructure\Segfy.Infrastructure.csproj", "{0237C809-4552-4DFE-B07B-B6DE87662843}"
EndProject
Project("{FAE04EC0-301F-11D3-BF4B-00C04F79EFBC}") = "Segfy.Api", "src\Segfy.Api\Segfy.Api.csproj", "{D882229C-E3D6-4864-B75C-9128EAA431EF}"
EndProject
Project("{2150E333-8FDC-42A3-9474-1A3956D46DE8}") = "tests", "tests", "{82BD7833-1922-4650-BAB6-7D89F46CF10E}"
EndProject
Project("{FAE04EC0-301F-11D3-BF4B-00C04F79EFBC}") = "Segfy.Domain.Tests", "tests\Segfy.Domain.Tests\Segfy.Domain.Tests.csproj", "{FCE2CD5B-5F94-4E50-B307-956C4257E393}"
EndProject
Project("{FAE04EC0-301F-11D3-BF4B-00C04F79EFBC}") = "Segfy.Application.Tests", "tests\Segfy.Application.Tests\Segfy.Application.Tests.csproj", "{300AC0FB-8523-4B25-876F-F0E21D3B3815}"
EndProject
Project("{FAE04EC0-301F-11D3-BF4B-00C04F79EFBC}") = "Segfy.Api.IntegrationTests", "tests\Segfy.Api.IntegrationTests\Segfy.Api.IntegrationTests.csproj", "{A2FBA2C0-AD32-4C3C-A1D5-6EA8A042920E}"
EndProject
Global
	GlobalSection(SolutionConfigurationPlatforms) = preSolution
		Debug|Any CPU = Debug|Any CPU
		Release|Any CPU = Release|Any CPU
	EndGlobalSection
	GlobalSection(SolutionProperties) = preSolution
		HideSolutionNode = FALSE
	EndGlobalSection
	GlobalSection(ProjectConfigurationPlatforms) = postSolution
		{E194CF5B-F868-4C9B-B237-D2AF7D0A0022}.Debug|Any CPU.ActiveCfg = Debug|Any CPU
		{E194CF5B-F868-4C9B-B237-D2AF7D0A0022}.Debug|Any CPU.Build.0 = Debug|Any CPU
		{E194CF5B-F868-4C9B-B237-D2AF7D0A0022}.Release|Any CPU.ActiveCfg = Release|Any CPU
		{E194CF5B-F868-4C9B-B237-D2AF7D0A0022}.Release|Any CPU.Build.0 = Release|Any CPU
		{EB037FF8-325F-4B64-A5C5-803C276881A4}.Debug|Any CPU.ActiveCfg = Debug|Any CPU
		{EB037FF8-325F-4B64-A5C5-803C276881A4}.Debug|Any CPU.Build.0 = Debug|Any CPU
		{EB037FF8-325F-4B64-A5C5-803C276881A4}.Release|Any CPU.ActiveCfg = Release|Any CPU
		{EB037FF8-325F-4B64-A5C5-803C276881A4}.Release|Any CPU.Build.0 = Release|Any CPU
		{0237C809-4552-4DFE-B07B-B6DE87662843}.Debug|Any CPU.ActiveCfg = Debug|Any CPU
		{0237C809-4552-4DFE-B07B-B6DE87662843}.Debug|Any CPU.Build.0 = Debug|Any CPU
		{0237C809-4552-4DFE-B07B-B6DE87662843}.Release|Any CPU.ActiveCfg = Release|Any CPU
		{0237C809-4552-4DFE-B07B-B6DE87662843}.Release|Any CPU.Build.0 = Release|Any CPU
		{D882229C-E3D6-4864-B75C-9128EAA431EF}.Debug|Any CPU.ActiveCfg = Debug|Any CPU
		{D882229C-E3D6-4864-B75C-9128EAA431EF}.Debug|Any CPU.Build.0 = Debug|Any CPU
		{D882229C-E3D6-4864-B75C-9128EAA431EF}.Release|Any CPU.ActiveCfg = Release|Any CPU
		{D882229C-E3D6-4864-B75C-9128EAA431EF}.Release|Any CPU.Build.0 = Release|Any CPU
		{FCE2CD5B-5F94-4E50-B307-956C4257E393}.Debug|Any CPU.ActiveCfg = Debug|Any CPU
		{FCE2CD5B-5F94-4E50-B307-956C4257E393}.Debug|Any CPU.Build.0 = Debug|Any CPU
		{FCE2CD5B-5F94-4E50-B307-956C4257E393}.Release|Any CPU.ActiveCfg = Release|Any CPU
		{FCE2CD5B-5F94-4E50-B307-956C4257E393}.Release|Any CPU.Build.0 = Release|Any CPU
		{300AC0FB-8523-4B25-876F-F0E21D3B3815}.Debug|Any CPU.ActiveCfg = Debug|Any CPU
		{300AC0FB-8523-4B25-876F-F0E21D3B3815}.Debug|Any CPU.Build.0 = Debug|Any CPU
		{300AC0FB-8523-4B25-876F-F0E21D3B3815}.Release|Any CPU.ActiveCfg = Release|Any CPU
		{300AC0FB-8523-4B25-876F-F0E21D3B3815}.Release|Any CPU.Build.0 = Release|Any CPU
		{A2FBA2C0-AD32-4C3C-A1D5-6EA8A042920E}.Debug|Any CPU.ActiveCfg = Debug|Any CPU
		{A2FBA2C0-AD32-4C3C-A1D5-6EA8A042920E}.Debug|Any CPU.Build.0 = Debug|Any CPU
		{A2FBA2C0-AD32-4C3C-A1D5-6EA8A042920E}.Release|Any CPU.ActiveCfg = Release|Any CPU
		{A2FBA2C0-AD32-4C3C-A1D5-6EA8A042920E}.Release|Any CPU.Build.0 = Release|Any CPU
	EndGlobalSection
	GlobalSection(NestedProjects) = preSolution
		{E194CF5B-F868-4C9B-B237-D2AF7D0A0022} = {78016D80-D138-47A5-BBFF-3F67A94ADA81}
		{EB037FF8-325F-4B64-A5C5-803C276881A4} = {78016D80-D138-47A5-BBFF-3F67A94ADA81}
		{0237C809-4552-4DFE-B07B-B6DE87662843} = {78016D80-D138-47A5-BBFF-3F67A94ADA81}
		{D882229C-E3D6-4864-B75C-9128EAA431EF} = {78016D80-D138-47A5-BBFF-3F67A94ADA81}
		{FCE2CD5B-5F94-4E50-B307-956C4257E393} = {82BD7833-1922-4650-BAB6-7D89F46CF10E}
		{300AC0FB-8523-4B25-876F-F0E21D3B3815} = {82BD7833-1922-4650-BAB6-7D89F46CF10E}
		{A2FBA2C0-AD32-4C3C-A1D5-6EA8A042920E} = {82BD7833-1922-4650-BAB6-7D89F46CF10E}
	EndGlobalSection
EndGlobal
